
Microsoft Visual Studio Solution File, Format Version 12.00
# Visual Studio Version 17
VisualStudioVersion = 17.13.35919.96 d17.13
MinimumVisualStudioVersion = 10.0.40219.1
Project("{FAE04EC0-301F-11D3-BF4B-00C04F79EFBC}") = "WebDriver_07_Khoi", "WebDriver_07_Khoi\WebDriver_07_Khoi.csproj", "{D26E1269-D4E3-436B-A65C-B4A50D6BC5A5}"
EndProject
Global
	GlobalSection(SolutionConfigurationPlatforms) = preSolution
		Debug|Any CPU = Debug|Any CPU
		Release|Any CPU = Release|Any CPU
	EndGlobalSection
	GlobalSection(ProjectConfigurationPlatforms) = postSolution
		{D26E1269-D4E3-436B-A65C-B4A50D6BC5A5}.Debug|Any CPU.ActiveCfg = Debug|Any CPU
		{D26E1269-D4E3-436B-A65C-B4A50D6BC5A5}.Debug|Any CPU.Build.0 = Debug|Any CPU
		{D26E1269-D4E3-436B-A65C-B4A50D6BC5A5}.Release|Any CPU.ActiveCfg = Release|Any CPU
		{D26E1269-D4E3-436B-A65C-B4A50D6BC5A5}.Release|Any CPU.Build.0 = Release|Any CPU
	EndGlobalSection
	GlobalSection(SolutionProperties) = preSolution
		HideSolutionNode = FALSE
	EndGlobalSection
	GlobalSection(ExtensibilityGlobals) = postSolution
		SolutionGuid = {C7043991-7824-4520-8A19-FB7C6D68B6E2}
	EndGlobalSection
EndGlobal
